
Microsoft Visual Studio Solution File, Format Version 12.00
# Visual Studio Version 17
VisualStudioVersion = 17.7.34221.43
MinimumVisualStudioVersion = 10.0.40219.1
Project("{FAE04EC0-301F-11D3-BF4B-00C04F79EFBC}") = "LojaModelo.Models", "LojaModelo.Models\LojaModelo.Models.csproj", "{E8B46A65-6992-4793-A030-B5435C7A5854}"
EndProject
Global
	GlobalSection(SolutionConfigurationPlatforms) = preSolution
		Debug|Any CPU = Debug|Any CPU
		Release|Any CPU = Release|Any CPU
	EndGlobalSection
	GlobalSection(ProjectConfigurationPlatforms) = postSolution
		{E8B46A65-6992-4793-A030-B5435C7A5854}.Debug|Any CPU.ActiveCfg = Debug|Any CPU
		{E8B46A65-6992-4793-A030-B5435C7A5854}.Debug|Any CPU.Build.0 = Debug|Any CPU
		{E8B46A65-6992-4793-A030-B5435C7A5854}.Release|Any CPU.ActiveCfg = Release|Any CPU
		{E8B46A65-6992-4793-A030-B5435C7A5854}.Release|Any CPU.Build.0 = Release|Any CPU
	EndGlobalSection
	GlobalSection(SolutionProperties) = preSolution
		HideSolutionNode = FALSE
	EndGlobalSection
	GlobalSection(ExtensibilityGlobals) = postSolution
		SolutionGuid = {37FAA200-4754-4142-A225-0B0B29FCF3F3}
	EndGlobalSection
EndGlobal
