
Microsoft Visual Studio Solution File, Format Version 12.00
# Visual Studio Version 17
VisualStudioVersion = 17.7.34221.43
MinimumVisualStudioVersion = 10.0.40219.1
Project("{9A19103F-16F7-4668-BE54-9A1E7A4F7556}") = "LojaModelo.Models", "LojaModelo.Models\LojaModelo.Models.csproj", "{E8B46A65-6992-4793-A030-B5435C7A5854}"
EndProject
Project("{9A19103F-16F7-4668-BE54-9A1E7A4F7556}") = "LojaModelo.DAL", "LojaModelo.DAL\LojaModelo.DAL.csproj", "{5780EB0F-CC72-44C2-900A-D08857D3676F}"
EndProject
Project("{9A19103F-16F7-4668-BE54-9A1E7A4F7556}") = "LojaModelo.BLL", "LojaModelo.BLL\LojaModelo.BLL.csproj", "{697D60D7-F893-4670-ABBF-34B319510C47}"
EndProject
Project("{FAE04EC0-301F-11D3-BF4B-00C04F79EFBC}") = "LojaModelo.UI.Web", "LojaModelo.UI.Web\LojaModelo.UI.Web.csproj", "{ECBC75DC-FA76-402B-982D-6B11970966A7}"
EndProject
Global
	GlobalSection(SolutionConfigurationPlatforms) = preSolution
		Debug|Any CPU = Debug|Any CPU
		Release|Any CPU = Release|Any CPU
	EndGlobalSection
	GlobalSection(ProjectConfigurationPlatforms) = postSolution
		{E8B46A65-6992-4793-A030-B5435C7A5854}.Debug|Any CPU.ActiveCfg = Debug|Any CPU
		{E8B46A65-6992-4793-A030-B5435C7A5854}.Debug|Any CPU.Build.0 = Debug|Any CPU
		{E8B46A65-6992-4793-A030-B5435C7A5854}.Release|Any CPU.ActiveCfg = Release|Any CPU
		{E8B46A65-6992-4793-A030-B5435C7A5854}.Release|Any CPU.Build.0 = Release|Any CPU
		{5780EB0F-CC72-44C2-900A-D08857D3676F}.Debug|Any CPU.ActiveCfg = Debug|Any CPU
		{5780EB0F-CC72-44C2-900A-D08857D3676F}.Debug|Any CPU.Build.0 = Debug|Any CPU
		{5780EB0F-CC72-44C2-900A-D08857D3676F}.Release|Any CPU.ActiveCfg = Release|Any CPU
		{5780EB0F-CC72-44C2-900A-D08857D3676F}.Release|Any CPU.Build.0 = Release|Any CPU
		{697D60D7-F893-4670-ABBF-34B319510C47}.Debug|Any CPU.ActiveCfg = Debug|Any CPU
		{697D60D7-F893-4670-ABBF-34B319510C47}.Debug|Any CPU.Build.0 = Debug|Any CPU
		{697D60D7-F893-4670-ABBF-34B319510C47}.Release|Any CPU.ActiveCfg = Release|Any CPU
		{697D60D7-F893-4670-ABBF-34B319510C47}.Release|Any CPU.Build.0 = Release|Any CPU
		{ECBC75DC-FA76-402B-982D-6B11970966A7}.Debug|Any CPU.ActiveCfg = Debug|Any CPU
		{ECBC75DC-FA76-402B-982D-6B11970966A7}.Debug|Any CPU.Build.0 = Debug|Any CPU
		{ECBC75DC-FA76-402B-982D-6B11970966A7}.Release|Any CPU.ActiveCfg = Release|Any CPU
		{ECBC75DC-FA76-402B-982D-6B11970966A7}.Release|Any CPU.Build.0 = Release|Any CPU
	EndGlobalSection
	GlobalSection(SolutionProperties) = preSolution
		HideSolutionNode = FALSE
	EndGlobalSection
	GlobalSection(ExtensibilityGlobals) = postSolution
		SolutionGuid = {37FAA200-4754-4142-A225-0B0B29FCF3F3}
	EndGlobalSection
EndGlobal
